
Microsoft Visual Studio Solution File, Format Version 12.00
# Visual Studio Version 17
VisualStudioVersion = 17.7.34024.191
MinimumVisualStudioVersion = 10.0.40219.1
Project("{FAE04EC0-301F-11D3-BF4B-00C04F79EFBC}") = "pocketacademy.Android", "pocketacademy.Android\pocketacademy.Android.csproj", "{61C4D93E-D48E-462C-A62E-B607086F93DB}"
EndProject
Project("{FAE04EC0-301F-11D3-BF4B-00C04F79EFBC}") = "pocketacademy", "pocketacademy\pocketacademy.csproj", "{6C394F0A-8689-4018-A986-DFF4694EBFEA}"
EndProject
Global
	GlobalSection(SolutionConfigurationPlatforms) = preSolution
		Debug|Any CPU = Debug|Any CPU
		Release|Any CPU = Release|Any CPU
	EndGlobalSection
	GlobalSection(ProjectConfigurationPlatforms) = postSolution
		{61C4D93E-D48E-462C-A62E-B607086F93DB}.Debug|Any CPU.ActiveCfg = Debug|Any CPU
		{61C4D93E-D48E-462C-A62E-B607086F93DB}.Debug|Any CPU.Build.0 = Debug|Any CPU
		{61C4D93E-D48E-462C-A62E-B607086F93DB}.Debug|Any CPU.Deploy.0 = Debug|Any CPU
		{61C4D93E-D48E-462C-A62E-B607086F93DB}.Release|Any CPU.ActiveCfg = Release|Any CPU
		{61C4D93E-D48E-462C-A62E-B607086F93DB}.Release|Any CPU.Build.0 = Release|Any CPU
		{61C4D93E-D48E-462C-A62E-B607086F93DB}.Release|Any CPU.Deploy.0 = Release|Any CPU
		{6C394F0A-8689-4018-A986-DFF4694EBFEA}.Debug|Any CPU.ActiveCfg = Debug|Any CPU
		{6C394F0A-8689-4018-A986-DFF4694EBFEA}.Debug|Any CPU.Build.0 = Debug|Any CPU
		{6C394F0A-8689-4018-A986-DFF4694EBFEA}.Debug|Any CPU.Deploy.0 = Debug|Any CPU
		{6C394F0A-8689-4018-A986-DFF4694EBFEA}.Release|Any CPU.ActiveCfg = Release|Any CPU
		{6C394F0A-8689-4018-A986-DFF4694EBFEA}.Release|Any CPU.Build.0 = Release|Any CPU
		{6C394F0A-8689-4018-A986-DFF4694EBFEA}.Release|Any CPU.Deploy.0 = Release|Any CPU
	EndGlobalSection
	GlobalSection(SolutionProperties) = preSolution
		HideSolutionNode = FALSE
	EndGlobalSection
	GlobalSection(ExtensibilityGlobals) = postSolution
		SolutionGuid = {5D4D1548-24D3-4FFE-976C-AEC261DF11F2}
	EndGlobalSection
EndGlobal
